
Microsoft Visual Studio Solution File, Format Version 12.00
# Visual Studio Version 16
VisualStudioVersion = 16.0.30114.105
MinimumVisualStudioVersion = 10.0.40219.1
Project("{2150E333-8FDC-42A3-9474-1A3956D46DE8}") = "src", "src", "{025DF710-2403-4B80-B713-4BA30F77F177}"
EndProject
Project("{FAE04EC0-301F-11D3-BF4B-00C04F79EFBC}") = "Manager.API", "src\Manager.API\Manager.API.csproj", "{1212FDAC-9E4E-487D-8F08-BAFD7404F3E8}"
EndProject
Project("{FAE04EC0-301F-11D3-BF4B-00C04F79EFBC}") = "Manager.Core", "src\Manager.Core\Manager.Core.csproj", "{06AE27AF-940C-4DCD-BB49-A86B6A36C5A0}"
EndProject
Project("{FAE04EC0-301F-11D3-BF4B-00C04F79EFBC}") = "Manager.Domain", "src\Manager.Domain\Manager.Domain.csproj", "{FDBE4443-852D-479B-AF7F-4A703E3ABF72}"
EndProject
Project("{FAE04EC0-301F-11D3-BF4B-00C04F79EFBC}") = "Manager.Infra", "src\Manager.Infra\Manager.Infra.csproj", "{138B6141-7EA6-4F86-A85C-5D47C31CBC07}"
EndProject
Project("{FAE04EC0-301F-11D3-BF4B-00C04F79EFBC}") = "Manager.Services", "src\Manager.Services\Manager.Services.csproj", "{1E919E78-50B7-47F1-9AE1-96D3CB109ED4}"
EndProject
Global
	GlobalSection(SolutionConfigurationPlatforms) = preSolution
		Debug|Any CPU = Debug|Any CPU
		Debug|x64 = Debug|x64
		Debug|x86 = Debug|x86
		Release|Any CPU = Release|Any CPU
		Release|x64 = Release|x64
		Release|x86 = Release|x86
	EndGlobalSection
	GlobalSection(SolutionProperties) = preSolution
		HideSolutionNode = FALSE
	EndGlobalSection
	GlobalSection(ProjectConfigurationPlatforms) = postSolution
		{1212FDAC-9E4E-487D-8F08-BAFD7404F3E8}.Debug|Any CPU.ActiveCfg = Debug|Any CPU
		{1212FDAC-9E4E-487D-8F08-BAFD7404F3E8}.Debug|Any CPU.Build.0 = Debug|Any CPU
		{1212FDAC-9E4E-487D-8F08-BAFD7404F3E8}.Debug|x64.ActiveCfg = Debug|Any CPU
		{1212FDAC-9E4E-487D-8F08-BAFD7404F3E8}.Debug|x64.Build.0 = Debug|Any CPU
		{1212FDAC-9E4E-487D-8F08-BAFD7404F3E8}.Debug|x86.ActiveCfg = Debug|Any CPU
		{1212FDAC-9E4E-487D-8F08-BAFD7404F3E8}.Debug|x86.Build.0 = Debug|Any CPU
		{1212FDAC-9E4E-487D-8F08-BAFD7404F3E8}.Release|Any CPU.ActiveCfg = Release|Any CPU
		{1212FDAC-9E4E-487D-8F08-BAFD7404F3E8}.Release|Any CPU.Build.0 = Release|Any CPU
		{1212FDAC-9E4E-487D-8F08-BAFD7404F3E8}.Release|x64.ActiveCfg = Release|Any CPU
		{1212FDAC-9E4E-487D-8F08-BAFD7404F3E8}.Release|x64.Build.0 = Release|Any CPU
		{1212FDAC-9E4E-487D-8F08-BAFD7404F3E8}.Release|x86.ActiveCfg = Release|Any CPU
		{1212FDAC-9E4E-487D-8F08-BAFD7404F3E8}.Release|x86.Build.0 = Release|Any CPU
		{06AE27AF-940C-4DCD-BB49-A86B6A36C5A0}.Debug|Any CPU.ActiveCfg = Debug|Any CPU
		{06AE27AF-940C-4DCD-BB49-A86B6A36C5A0}.Debug|Any CPU.Build.0 = Debug|Any CPU
		{06AE27AF-940C-4DCD-BB49-A86B6A36C5A0}.Debug|x64.ActiveCfg = Debug|Any CPU
		{06AE27AF-940C-4DCD-BB49-A86B6A36C5A0}.Debug|x64.Build.0 = Debug|Any CPU
		{06AE27AF-940C-4DCD-BB49-A86B6A36C5A0}.Debug|x86.ActiveCfg = Debug|Any CPU
		{06AE27AF-940C-4DCD-BB49-A86B6A36C5A0}.Debug|x86.Build.0 = Debug|Any CPU
		{06AE27AF-940C-4DCD-BB49-A86B6A36C5A0}.Release|Any CPU.ActiveCfg = Release|Any CPU
		{06AE27AF-940C-4DCD-BB49-A86B6A36C5A0}.Release|Any CPU.Build.0 = Release|Any CPU
		{06AE27AF-940C-4DCD-BB49-A86B6A36C5A0}.Release|x64.ActiveCfg = Release|Any CPU
		{06AE27AF-940C-4DCD-BB49-A86B6A36C5A0}.Release|x64.Build.0 = Release|Any CPU
		{06AE27AF-940C-4DCD-BB49-A86B6A36C5A0}.Release|x86.ActiveCfg = Release|Any CPU
		{06AE27AF-940C-4DCD-BB49-A86B6A36C5A0}.Release|x86.Build.0 = Release|Any CPU
		{FDBE4443-852D-479B-AF7F-4A703E3ABF72}.Debug|Any CPU.ActiveCfg = Debug|Any CPU
		{FDBE4443-852D-479B-AF7F-4A703E3ABF72}.Debug|Any CPU.Build.0 = Debug|Any CPU
		{FDBE4443-852D-479B-AF7F-4A703E3ABF72}.Debug|x64.ActiveCfg = Debug|Any CPU
		{FDBE4443-852D-479B-AF7F-4A703E3ABF72}.Debug|x64.Build.0 = Debug|Any CPU
		{FDBE4443-852D-479B-AF7F-4A703E3ABF72}.Debug|x86.ActiveCfg = Debug|Any CPU
		{FDBE4443-852D-479B-AF7F-4A703E3ABF72}.Debug|x86.Build.0 = Debug|Any CPU
		{FDBE4443-852D-479B-AF7F-4A703E3ABF72}.Release|Any CPU.ActiveCfg = Release|Any CPU
		{FDBE4443-852D-479B-AF7F-4A703E3ABF72}.Release|Any CPU.Build.0 = Release|Any CPU
		{FDBE4443-852D-479B-AF7F-4A703E3ABF72}.Release|x64.ActiveCfg = Release|Any CPU
		{FDBE4443-852D-479B-AF7F-4A703E3ABF72}.Release|x64.Build.0 = Release|Any CPU
		{FDBE4443-852D-479B-AF7F-4A703E3ABF72}.Release|x86.ActiveCfg = Release|Any CPU
		{FDBE4443-852D-479B-AF7F-4A703E3ABF72}.Release|x86.Build.0 = Release|Any CPU
		{138B6141-7EA6-4F86-A85C-5D47C31CBC07}.Debug|Any CPU.ActiveCfg = Debug|Any CPU
		{138B6141-7EA6-4F86-A85C-5D47C31CBC07}.Debug|Any CPU.Build.0 = Debug|Any CPU
		{138B6141-7EA6-4F86-A85C-5D47C31CBC07}.Debug|x64.ActiveCfg = Debug|Any CPU
		{138B6141-7EA6-4F86-A85C-5D47C31CBC07}.Debug|x64.Build.0 = Debug|Any CPU
		{138B6141-7EA6-4F86-A85C-5D47C31CBC07}.Debug|x86.ActiveCfg = Debug|Any CPU
		{138B6141-7EA6-4F86-A85C-5D47C31CBC07}.Debug|x86.Build.0 = Debug|Any CPU
		{138B6141-7EA6-4F86-A85C-5D47C31CBC07}.Release|Any CPU.ActiveCfg = Release|Any CPU
		{138B6141-7EA6-4F86-A85C-5D47C31CBC07}.Release|Any CPU.Build.0 = Release|Any CPU
		{138B6141-7EA6-4F86-A85C-5D47C31CBC07}.Release|x64.ActiveCfg = Release|Any CPU
		{138B6141-7EA6-4F86-A85C-5D47C31CBC07}.Release|x64.Build.0 = Release|Any CPU
		{138B6141-7EA6-4F86-A85C-5D47C31CBC07}.Release|x86.ActiveCfg = Release|Any CPU
		{138B6141-7EA6-4F86-A85C-5D47C31CBC07}.Release|x86.Build.0 = Release|Any CPU
		{1E919E78-50B7-47F1-9AE1-96D3CB109ED4}.Debug|Any CPU.ActiveCfg = Debug|Any CPU
		{1E919E78-50B7-47F1-9AE1-96D3CB109ED4}.Debug|Any CPU.Build.0 = Debug|Any CPU
		{1E919E78-50B7-47F1-9AE1-96D3CB109ED4}.Debug|x64.ActiveCfg = Debug|Any CPU
		{1E919E78-50B7-47F1-9AE1-96D3CB109ED4}.Debug|x64.Build.0 = Debug|Any CPU
		{1E919E78-50B7-47F1-9AE1-96D3CB109ED4}.Debug|x86.ActiveCfg = Debug|Any CPU
		{1E919E78-50B7-47F1-9AE1-96D3CB109ED4}.Debug|x86.Build.0 = Debug|Any CPU
		{1E919E78-50B7-47F1-9AE1-96D3CB109ED4}.Release|Any CPU.ActiveCfg = Release|Any CPU
		{1E919E78-50B7-47F1-9AE1-96D3CB109ED4}.Release|Any CPU.Build.0 = Release|Any CPU
		{1E919E78-50B7-47F1-9AE1-96D3CB109ED4}.Release|x64.ActiveCfg = Release|Any CPU
		{1E919E78-50B7-47F1-9AE1-96D3CB109ED4}.Release|x64.Build.0 = Release|Any CPU
		{1E919E78-50B7-47F1-9AE1-96D3CB109ED4}.Release|x86.ActiveCfg = Release|Any CPU
		{1E919E78-50B7-47F1-9AE1-96D3CB109ED4}.Release|x86.Build.0 = Release|Any CPU
	EndGlobalSection
	GlobalSection(NestedProjects) = preSolution
		{1212FDAC-9E4E-487D-8F08-BAFD7404F3E8} = {025DF710-2403-4B80-B713-4BA30F77F177}
		{06AE27AF-940C-4DCD-BB49-A86B6A36C5A0} = {025DF710-2403-4B80-B713-4BA30F77F177}
		{FDBE4443-852D-479B-AF7F-4A703E3ABF72} = {025DF710-2403-4B80-B713-4BA30F77F177}
		{138B6141-7EA6-4F86-A85C-5D47C31CBC07} = {025DF710-2403-4B80-B713-4BA30F77F177}
		{1E919E78-50B7-47F1-9AE1-96D3CB109ED4} = {025DF710-2403-4B80-B713-4BA30F77F177}
	EndGlobalSection
EndGlobal
